
Microsoft Visual Studio Solution File, Format Version 12.00
# Visual Studio Version 17
VisualStudioVersion = 17.2.32516.85
MinimumVisualStudioVersion = 10.0.40219.1
Project("{FAE04EC0-301F-11D3-BF4B-00C04F79EFBC}") = "base64", "base64\base64.csproj", "{DF34E66B-80F4-49A9-A17A-E6EB9D0357C1}"
EndProject
Project("{FAE04EC0-301F-11D3-BF4B-00C04F79EFBC}") = "protecteddata", "protecteddata\protecteddata.csproj", "{0A89A138-3D95-41B8-B38A-4A50BEEDE830}"
EndProject
Global
	GlobalSection(SolutionConfigurationPlatforms) = preSolution
		Debug|Any CPU = Debug|Any CPU
		Release|Any CPU = Release|Any CPU
	EndGlobalSection
	GlobalSection(ProjectConfigurationPlatforms) = postSolution
		{DF34E66B-80F4-49A9-A17A-E6EB9D0357C1}.Debug|Any CPU.ActiveCfg = Debug|Any CPU
		{DF34E66B-80F4-49A9-A17A-E6EB9D0357C1}.Debug|Any CPU.Build.0 = Debug|Any CPU
		{DF34E66B-80F4-49A9-A17A-E6EB9D0357C1}.Release|Any CPU.ActiveCfg = Release|Any CPU
		{DF34E66B-80F4-49A9-A17A-E6EB9D0357C1}.Release|Any CPU.Build.0 = Release|Any CPU
		{0A89A138-3D95-41B8-B38A-4A50BEEDE830}.Debug|Any CPU.ActiveCfg = Debug|Any CPU
		{0A89A138-3D95-41B8-B38A-4A50BEEDE830}.Debug|Any CPU.Build.0 = Debug|Any CPU
		{0A89A138-3D95-41B8-B38A-4A50BEEDE830}.Release|Any CPU.ActiveCfg = Release|Any CPU
		{0A89A138-3D95-41B8-B38A-4A50BEEDE830}.Release|Any CPU.Build.0 = Release|Any CPU
	EndGlobalSection
	GlobalSection(SolutionProperties) = preSolution
		HideSolutionNode = FALSE
	EndGlobalSection
	GlobalSection(ExtensibilityGlobals) = postSolution
		SolutionGuid = {3671F369-687D-440D-93A9-8F27E627E0F2}
	EndGlobalSection
EndGlobal
